
Microsoft Visual Studio Solution File, Format Version 12.00
# Visual Studio Version 16
VisualStudioVersion = 16.0.29102.190
MinimumVisualStudioVersion = 10.0.40219.1
Project("{FAE04EC0-301F-11D3-BF4B-00C04F79EFBC}") = "TrailerApi", "TrailerApi.csproj", "{680EE32B-1F0C-4651-8A99-05122F7720B5}"
EndProject
Global
	GlobalSection(SolutionConfigurationPlatforms) = preSolution
		Debug|Any CPU = Debug|Any CPU
		Release|Any CPU = Release|Any CPU
	EndGlobalSection
	GlobalSection(ProjectConfigurationPlatforms) = postSolution
		{680EE32B-1F0C-4651-8A99-05122F7720B5}.Debug|Any CPU.ActiveCfg = Debug|Any CPU
		{680EE32B-1F0C-4651-8A99-05122F7720B5}.Debug|Any CPU.Build.0 = Debug|Any CPU
		{680EE32B-1F0C-4651-8A99-05122F7720B5}.Release|Any CPU.ActiveCfg = Release|Any CPU
		{680EE32B-1F0C-4651-8A99-05122F7720B5}.Release|Any CPU.Build.0 = Release|Any CPU
	EndGlobalSection
	GlobalSection(SolutionProperties) = preSolution
		HideSolutionNode = FALSE
	EndGlobalSection
	GlobalSection(ExtensibilityGlobals) = postSolution
		SolutionGuid = {594449D2-9542-4248-8FD1-6D585AC70698}
	EndGlobalSection
EndGlobal
